// !$*UTF8*$!
{
	archiveVersion = 1;
	classes = {
	};
	objectVersion = 56;
	objects = {

/* Begin PBXBuildFile section */
		081E2DF62ACCE8A900A07764 /* Observable.swift in Sources */ = {isa = PBXBuildFile; fileRef = 081E2DF52ACCE8A900A07764 /* Observable.swift */; };
		084C45F52AC1A9FA002999DF /* Constant.swift in Sources */ = {isa = PBXBuildFile; fileRef = 084C45F42AC1A9FA002999DF /* Constant.swift */; };
		08AEE5E92ACAF2D300FBE770 /* PresentationController.swift in Sources */ = {isa = PBXBuildFile; fileRef = 08AEE5E82ACAF2D300FBE770 /* PresentationController.swift */; };
		08AEE5EB2ACAF33400FBE770 /* Protocols.swift in Sources */ = {isa = PBXBuildFile; fileRef = 08AEE5EA2ACAF33400FBE770 /* Protocols.swift */; };
		08AEE5ED2ACAF36B00FBE770 /* VocaListSelectedController.swift in Sources */ = {isa = PBXBuildFile; fileRef = 08AEE5EC2ACAF36B00FBE770 /* VocaListSelectedController.swift */; };
		08AEE5F12ACAF3EA00FBE770 /* FeatureViewModel.swift in Sources */ = {isa = PBXBuildFile; fileRef = 08AEE5F02ACAF3EA00FBE770 /* FeatureViewModel.swift */; };
		08AEE5F42ACAF40A00FBE770 /* Models.swift in Sources */ = {isa = PBXBuildFile; fileRef = 08AEE5F32ACAF40A00FBE770 /* Models.swift */; };
		08AEE5F62ACAF42400FBE770 /* FeatureViewController.swift in Sources */ = {isa = PBXBuildFile; fileRef = 08AEE5F52ACAF42400FBE770 /* FeatureViewController.swift */; };
		08AEE5F82ACAF45000FBE770 /* FeatureCollectionViewCell.swift in Sources */ = {isa = PBXBuildFile; fileRef = 08AEE5F72ACAF45000FBE770 /* FeatureCollectionViewCell.swift */; };
		08AEE5FC2ACAF4F000FBE770 /* PageTopView.swift in Sources */ = {isa = PBXBuildFile; fileRef = 08AEE5FB2ACAF4F000FBE770 /* PageTopView.swift */; };
		08AEE5FE2ACAF50400FBE770 /* FTModalMiddleView.swift in Sources */ = {isa = PBXBuildFile; fileRef = 08AEE5FD2ACAF50400FBE770 /* FTModalMiddleView.swift */; };
		08AEE6002ACAF51400FBE770 /* QuizSettingView.swift in Sources */ = {isa = PBXBuildFile; fileRef = 08AEE5FF2ACAF51400FBE770 /* QuizSettingView.swift */; };
		08AEE6022ACAF52300FBE770 /* QuizCountView.swift in Sources */ = {isa = PBXBuildFile; fileRef = 08AEE6012ACAF52300FBE770 /* QuizCountView.swift */; };
		08AEE6042ACAF53300FBE770 /* FTModalBottomView.swift in Sources */ = {isa = PBXBuildFile; fileRef = 08AEE6032ACAF53300FBE770 /* FTModalBottomView.swift */; };
		08AEE6062ACAF54000FBE770 /* FTSettingTypeCell.swift in Sources */ = {isa = PBXBuildFile; fileRef = 08AEE6052ACAF54000FBE770 /* FTSettingTypeCell.swift */; };
		08AEE6082ACAF55000FBE770 /* FTOPViewController.swift in Sources */ = {isa = PBXBuildFile; fileRef = 08AEE6072ACAF55000FBE770 /* FTOPViewController.swift */; };
		08AEE60A2ACAF56200FBE770 /* FTOPViewModel.swift in Sources */ = {isa = PBXBuildFile; fileRef = 08AEE6092ACAF56200FBE770 /* FTOPViewModel.swift */; };
		18A815BA2AC3E1D3007FE489 /* QuizType.swift in Sources */ = {isa = PBXBuildFile; fileRef = 18A815B92AC3E1D3007FE489 /* QuizType.swift */; };
		18B97AF42AC3C819006C0AAA /* QuizResultType.swift in Sources */ = {isa = PBXBuildFile; fileRef = 18B97AF32AC3C819006C0AAA /* QuizResultType.swift */; };
		18BF668A2AC208B300C53C07 /* Typography.swift in Sources */ = {isa = PBXBuildFile; fileRef = 18BF66892AC208B300C53C07 /* Typography.swift */; };
		18BF668D2AC2097400C53C07 /* DefaultButton.swift in Sources */ = {isa = PBXBuildFile; fileRef = 18BF668C2AC2097400C53C07 /* DefaultButton.swift */; };
		18C3457F2ACA638C0072995F /* TopView.swift in Sources */ = {isa = PBXBuildFile; fileRef = 18C3457E2ACA638C0072995F /* TopView.swift */; };
		18C345812ACA67F90072995F /* BottomView.swift in Sources */ = {isa = PBXBuildFile; fileRef = 18C345802ACA67F90072995F /* BottomView.swift */; };
		18C345842ACA6CB30072995F /* AnswerTableViewCell.swift in Sources */ = {isa = PBXBuildFile; fileRef = 18C345832ACA6CB30072995F /* AnswerTableViewCell.swift */; };
		18C345862ACA8CFC0072995F /* BottomSheetViewController.swift in Sources */ = {isa = PBXBuildFile; fileRef = 18C345852ACA8CFC0072995F /* BottomSheetViewController.swift */; };
		18CE95B22AC6D84900CAA133 /* BottomSheetPresentationController.swift in Sources */ = {isa = PBXBuildFile; fileRef = 18CE95B12AC6D84900CAA133 /* BottomSheetPresentationController.swift */; };
		18CE95B42AC6DAF400CAA133 /* AnswerViewController.swift in Sources */ = {isa = PBXBuildFile; fileRef = 18CE95B32AC6DAF400CAA133 /* AnswerViewController.swift */; };
		18CE9BE72AC2CA9900D39403 /* FeedBackStackView.swift in Sources */ = {isa = PBXBuildFile; fileRef = 18CE9BE62AC2CA9900D39403 /* FeedBackStackView.swift */; };
		18E0D1F12AC1305D005DDA6F /* AppDelegate.swift in Sources */ = {isa = PBXBuildFile; fileRef = 18E0D1F02AC1305D005DDA6F /* AppDelegate.swift */; };
		18E0D1F32AC1305D005DDA6F /* SceneDelegate.swift in Sources */ = {isa = PBXBuildFile; fileRef = 18E0D1F22AC1305D005DDA6F /* SceneDelegate.swift */; };
		18E0D1F52AC1305D005DDA6F /* TabBarController.swift in Sources */ = {isa = PBXBuildFile; fileRef = 18E0D1F42AC1305D005DDA6F /* TabBarController.swift */; };
		18E0D1FA2AC13061005DDA6F /* Assets.xcassets in Resources */ = {isa = PBXBuildFile; fileRef = 18E0D1F92AC13061005DDA6F /* Assets.xcassets */; };
		18E0D1FD2AC13061005DDA6F /* LaunchScreen.storyboard in Resources */ = {isa = PBXBuildFile; fileRef = 18E0D1FB2AC13061005DDA6F /* LaunchScreen.storyboard */; };
		18E0D2062AC1319E005DDA6F /* SnapKit in Frameworks */ = {isa = PBXBuildFile; productRef = 18E0D2052AC1319E005DDA6F /* SnapKit */; };
		18E0D20D2AC13264005DDA6F /* AddVocaViewController.swift in Sources */ = {isa = PBXBuildFile; fileRef = 18E0D20C2AC13264005DDA6F /* AddVocaViewController.swift */; };
		18E0D2132AC13388005DDA6F /* QuizViewController.swift in Sources */ = {isa = PBXBuildFile; fileRef = 18E0D2122AC13388005DDA6F /* QuizViewController.swift */; };
		18E0D2192AC133AD005DDA6F /* VocaListViewController.swift in Sources */ = {isa = PBXBuildFile; fileRef = 18E0D2182AC133AD005DDA6F /* VocaListViewController.swift */; };
		18E0D21B2AC133FE005DDA6F /* AddVocabularyViewController.swift in Sources */ = {isa = PBXBuildFile; fileRef = 18E0D21A2AC133FE005DDA6F /* AddVocabularyViewController.swift */; };
		18E0D21E2AC17E94005DDA6F /* Vocabulary.swift in Sources */ = {isa = PBXBuildFile; fileRef = 18E0D21D2AC17E94005DDA6F /* Vocabulary.swift */; };
		18E0D2202AC17ED7005DDA6F /* Word.swift in Sources */ = {isa = PBXBuildFile; fileRef = 18E0D21F2AC17ED7005DDA6F /* Word.swift */; };
		18E0D2232AC181CB005DDA6F /* CardView.swift in Sources */ = {isa = PBXBuildFile; fileRef = 18E0D2222AC181CB005DDA6F /* CardView.swift */; };
		18E0D2252AC18B90005DDA6F /* QuizControlStackView.swift in Sources */ = {isa = PBXBuildFile; fileRef = 18E0D2242AC18B90005DDA6F /* QuizControlStackView.swift */; };
		18E0D2282AC1930F005DDA6F /* QuizCompleteViewController.swift in Sources */ = {isa = PBXBuildFile; fileRef = 18E0D2272AC1930F005DDA6F /* QuizCompleteViewController.swift */; };
		18E0D22B2AC19344005DDA6F /* CircleProgressBar.swift in Sources */ = {isa = PBXBuildFile; fileRef = 18E0D22A2AC19344005DDA6F /* CircleProgressBar.swift */; };
		18ED60EE2ACCE3580089FC42 /* Model.xcdatamodeld in Sources */ = {isa = PBXBuildFile; fileRef = 18ED60EC2ACCE3580089FC42 /* Model.xcdatamodeld */; };
		18ED60F02ACCE8190089FC42 /* VocabularyRepository.swift in Sources */ = {isa = PBXBuildFile; fileRef = 18ED60EF2ACCE8190089FC42 /* VocabularyRepository.swift */; };
		9B865E032AC2D72E00E562FA /* VocaListTableViewCell.swift in Sources */ = {isa = PBXBuildFile; fileRef = 9B865E022AC2D72E00E562FA /* VocaListTableViewCell.swift */; };
		9B865E052AC2E07900E562FA /* VocaViewController.swift in Sources */ = {isa = PBXBuildFile; fileRef = 9B865E042AC2E07900E562FA /* VocaViewController.swift */; };
		9B865E072AC2E14400E562FA /* VocaTableViewCell.swift in Sources */ = {isa = PBXBuildFile; fileRef = 9B865E062AC2E14400E562FA /* VocaTableViewCell.swift */; };
		9B865E092AC3C2AD00E562FA /* SelectedVocaViewController.swift in Sources */ = {isa = PBXBuildFile; fileRef = 9B865E082AC3C2AD00E562FA /* SelectedVocaViewController.swift */; };
/* End PBXBuildFile section */

/* Begin PBXFileReference section */
		081E2DF52ACCE8A900A07764 /* Observable.swift */ = {isa = PBXFileReference; lastKnownFileType = sourcecode.swift; path = Observable.swift; sourceTree = "<group>"; };
		084C45F42AC1A9FA002999DF /* Constant.swift */ = {isa = PBXFileReference; lastKnownFileType = sourcecode.swift; path = Constant.swift; sourceTree = "<group>"; };
		08AEE5E82ACAF2D300FBE770 /* PresentationController.swift */ = {isa = PBXFileReference; lastKnownFileType = sourcecode.swift; path = PresentationController.swift; sourceTree = "<group>"; };
		08AEE5EA2ACAF33400FBE770 /* Protocols.swift */ = {isa = PBXFileReference; lastKnownFileType = sourcecode.swift; path = Protocols.swift; sourceTree = "<group>"; };
		08AEE5EC2ACAF36B00FBE770 /* VocaListSelectedController.swift */ = {isa = PBXFileReference; lastKnownFileType = sourcecode.swift; path = VocaListSelectedController.swift; sourceTree = "<group>"; };
		08AEE5F02ACAF3EA00FBE770 /* FeatureViewModel.swift */ = {isa = PBXFileReference; lastKnownFileType = sourcecode.swift; path = FeatureViewModel.swift; sourceTree = "<group>"; };
		08AEE5F32ACAF40A00FBE770 /* Models.swift */ = {isa = PBXFileReference; lastKnownFileType = sourcecode.swift; path = Models.swift; sourceTree = "<group>"; };
		08AEE5F52ACAF42400FBE770 /* FeatureViewController.swift */ = {isa = PBXFileReference; lastKnownFileType = sourcecode.swift; path = FeatureViewController.swift; sourceTree = "<group>"; };
		08AEE5F72ACAF45000FBE770 /* FeatureCollectionViewCell.swift */ = {isa = PBXFileReference; lastKnownFileType = sourcecode.swift; path = FeatureCollectionViewCell.swift; sourceTree = "<group>"; };
		08AEE5FB2ACAF4F000FBE770 /* PageTopView.swift */ = {isa = PBXFileReference; lastKnownFileType = sourcecode.swift; path = PageTopView.swift; sourceTree = "<group>"; };
		08AEE5FD2ACAF50400FBE770 /* FTModalMiddleView.swift */ = {isa = PBXFileReference; lastKnownFileType = sourcecode.swift; path = FTModalMiddleView.swift; sourceTree = "<group>"; };
		08AEE5FF2ACAF51400FBE770 /* QuizSettingView.swift */ = {isa = PBXFileReference; lastKnownFileType = sourcecode.swift; path = QuizSettingView.swift; sourceTree = "<group>"; };
		08AEE6012ACAF52300FBE770 /* QuizCountView.swift */ = {isa = PBXFileReference; lastKnownFileType = sourcecode.swift; path = QuizCountView.swift; sourceTree = "<group>"; };
		08AEE6032ACAF53300FBE770 /* FTModalBottomView.swift */ = {isa = PBXFileReference; lastKnownFileType = sourcecode.swift; path = FTModalBottomView.swift; sourceTree = "<group>"; };
		08AEE6052ACAF54000FBE770 /* FTSettingTypeCell.swift */ = {isa = PBXFileReference; lastKnownFileType = sourcecode.swift; path = FTSettingTypeCell.swift; sourceTree = "<group>"; };
		08AEE6072ACAF55000FBE770 /* FTOPViewController.swift */ = {isa = PBXFileReference; lastKnownFileType = sourcecode.swift; path = FTOPViewController.swift; sourceTree = "<group>"; };
		08AEE6092ACAF56200FBE770 /* FTOPViewModel.swift */ = {isa = PBXFileReference; lastKnownFileType = sourcecode.swift; path = FTOPViewModel.swift; sourceTree = "<group>"; };
		18A815B92AC3E1D3007FE489 /* QuizType.swift */ = {isa = PBXFileReference; lastKnownFileType = sourcecode.swift; path = QuizType.swift; sourceTree = "<group>"; };
		18B97AF32AC3C819006C0AAA /* QuizResultType.swift */ = {isa = PBXFileReference; lastKnownFileType = sourcecode.swift; path = QuizResultType.swift; sourceTree = "<group>"; };
		18BF66892AC208B300C53C07 /* Typography.swift */ = {isa = PBXFileReference; lastKnownFileType = sourcecode.swift; path = Typography.swift; sourceTree = "<group>"; };
		18BF668C2AC2097400C53C07 /* DefaultButton.swift */ = {isa = PBXFileReference; lastKnownFileType = sourcecode.swift; path = DefaultButton.swift; sourceTree = "<group>"; };
		18C3457E2ACA638C0072995F /* TopView.swift */ = {isa = PBXFileReference; lastKnownFileType = sourcecode.swift; path = TopView.swift; sourceTree = "<group>"; };
		18C345802ACA67F90072995F /* BottomView.swift */ = {isa = PBXFileReference; lastKnownFileType = sourcecode.swift; path = BottomView.swift; sourceTree = "<group>"; };
		18C345832ACA6CB30072995F /* AnswerTableViewCell.swift */ = {isa = PBXFileReference; lastKnownFileType = sourcecode.swift; path = AnswerTableViewCell.swift; sourceTree = "<group>"; };
		18C345852ACA8CFC0072995F /* BottomSheetViewController.swift */ = {isa = PBXFileReference; lastKnownFileType = sourcecode.swift; path = BottomSheetViewController.swift; sourceTree = "<group>"; };
		18CE95B12AC6D84900CAA133 /* BottomSheetPresentationController.swift */ = {isa = PBXFileReference; lastKnownFileType = sourcecode.swift; path = BottomSheetPresentationController.swift; sourceTree = "<group>"; };
		18CE95B32AC6DAF400CAA133 /* AnswerViewController.swift */ = {isa = PBXFileReference; lastKnownFileType = sourcecode.swift; path = AnswerViewController.swift; sourceTree = "<group>"; };
		18CE9BE62AC2CA9900D39403 /* FeedBackStackView.swift */ = {isa = PBXFileReference; lastKnownFileType = sourcecode.swift; path = FeedBackStackView.swift; sourceTree = "<group>"; };
		18E0D1ED2AC1305D005DDA6F /* oewoboka.app */ = {isa = PBXFileReference; explicitFileType = wrapper.application; includeInIndex = 0; path = oewoboka.app; sourceTree = BUILT_PRODUCTS_DIR; };
		18E0D1F02AC1305D005DDA6F /* AppDelegate.swift */ = {isa = PBXFileReference; lastKnownFileType = sourcecode.swift; path = AppDelegate.swift; sourceTree = "<group>"; };
		18E0D1F22AC1305D005DDA6F /* SceneDelegate.swift */ = {isa = PBXFileReference; lastKnownFileType = sourcecode.swift; path = SceneDelegate.swift; sourceTree = "<group>"; };
		18E0D1F42AC1305D005DDA6F /* TabBarController.swift */ = {isa = PBXFileReference; lastKnownFileType = sourcecode.swift; path = TabBarController.swift; sourceTree = "<group>"; };
		18E0D1F92AC13061005DDA6F /* Assets.xcassets */ = {isa = PBXFileReference; lastKnownFileType = folder.assetcatalog; path = Assets.xcassets; sourceTree = "<group>"; };
		18E0D1FC2AC13061005DDA6F /* Base */ = {isa = PBXFileReference; lastKnownFileType = file.storyboard; name = Base; path = Base.lproj/LaunchScreen.storyboard; sourceTree = "<group>"; };
		18E0D1FE2AC13061005DDA6F /* Info.plist */ = {isa = PBXFileReference; lastKnownFileType = text.plist.xml; path = Info.plist; sourceTree = "<group>"; };
		18E0D20C2AC13264005DDA6F /* AddVocaViewController.swift */ = {isa = PBXFileReference; lastKnownFileType = sourcecode.swift; path = AddVocaViewController.swift; sourceTree = "<group>"; };
		18E0D2122AC13388005DDA6F /* QuizViewController.swift */ = {isa = PBXFileReference; lastKnownFileType = sourcecode.swift; path = QuizViewController.swift; sourceTree = "<group>"; };
		18E0D2182AC133AD005DDA6F /* VocaListViewController.swift */ = {isa = PBXFileReference; lastKnownFileType = sourcecode.swift; path = VocaListViewController.swift; sourceTree = "<group>"; };
		18E0D21A2AC133FE005DDA6F /* AddVocabularyViewController.swift */ = {isa = PBXFileReference; lastKnownFileType = sourcecode.swift; path = AddVocabularyViewController.swift; sourceTree = "<group>"; };
		18E0D21D2AC17E94005DDA6F /* Vocabulary.swift */ = {isa = PBXFileReference; lastKnownFileType = sourcecode.swift; path = Vocabulary.swift; sourceTree = "<group>"; };
		18E0D21F2AC17ED7005DDA6F /* Word.swift */ = {isa = PBXFileReference; lastKnownFileType = sourcecode.swift; path = Word.swift; sourceTree = "<group>"; };
		18E0D2222AC181CB005DDA6F /* CardView.swift */ = {isa = PBXFileReference; lastKnownFileType = sourcecode.swift; path = CardView.swift; sourceTree = "<group>"; };
		18E0D2242AC18B90005DDA6F /* QuizControlStackView.swift */ = {isa = PBXFileReference; lastKnownFileType = sourcecode.swift; path = QuizControlStackView.swift; sourceTree = "<group>"; };
		18E0D2272AC1930F005DDA6F /* QuizCompleteViewController.swift */ = {isa = PBXFileReference; lastKnownFileType = sourcecode.swift; path = QuizCompleteViewController.swift; sourceTree = "<group>"; };
		18E0D22A2AC19344005DDA6F /* CircleProgressBar.swift */ = {isa = PBXFileReference; lastKnownFileType = sourcecode.swift; path = CircleProgressBar.swift; sourceTree = "<group>"; };
		18ED60ED2ACCE3580089FC42 /* Model.xcdatamodel */ = {isa = PBXFileReference; lastKnownFileType = wrapper.xcdatamodel; path = Model.xcdatamodel; sourceTree = "<group>"; };
		18ED60EF2ACCE8190089FC42 /* VocabularyRepository.swift */ = {isa = PBXFileReference; lastKnownFileType = sourcecode.swift; path = VocabularyRepository.swift; sourceTree = "<group>"; };
		9B865E022AC2D72E00E562FA /* VocaListTableViewCell.swift */ = {isa = PBXFileReference; lastKnownFileType = sourcecode.swift; path = VocaListTableViewCell.swift; sourceTree = "<group>"; };
		9B865E042AC2E07900E562FA /* VocaViewController.swift */ = {isa = PBXFileReference; lastKnownFileType = sourcecode.swift; path = VocaViewController.swift; sourceTree = "<group>"; };
		9B865E062AC2E14400E562FA /* VocaTableViewCell.swift */ = {isa = PBXFileReference; lastKnownFileType = sourcecode.swift; path = VocaTableViewCell.swift; sourceTree = "<group>"; };
		9B865E082AC3C2AD00E562FA /* SelectedVocaViewController.swift */ = {isa = PBXFileReference; lastKnownFileType = sourcecode.swift; path = SelectedVocaViewController.swift; sourceTree = "<group>"; };
/* End PBXFileReference section */

/* Begin PBXFrameworksBuildPhase section */
		18E0D1EA2AC1305D005DDA6F /* Frameworks */ = {
			isa = PBXFrameworksBuildPhase;
			buildActionMask = 2147483647;
			files = (
				18E0D2062AC1319E005DDA6F /* SnapKit in Frameworks */,
			);
			runOnlyForDeploymentPostprocessing = 0;
		};
/* End PBXFrameworksBuildPhase section */

/* Begin PBXGroup section */
		084C45F32AC1A9E2002999DF /* Helper */ = {
			isa = PBXGroup;
			children = (
				084C45F42AC1A9FA002999DF /* Constant.swift */,
				18BF66892AC208B300C53C07 /* Typography.swift */,
				18C345852ACA8CFC0072995F /* BottomSheetViewController.swift */,
				081E2DF52ACCE8A900A07764 /* Observable.swift */,
			);
			path = Helper;
			sourceTree = "<group>";
		};
		08AEE5EE2ACAF3B300FBE770 /* VocaListSelectedPage */ = {
			isa = PBXGroup;
			children = (
				08AEE5EC2ACAF36B00FBE770 /* VocaListSelectedController.swift */,
			);
			path = VocaListSelectedPage;
			sourceTree = "<group>";
		};
		08AEE5EF2ACAF3C500FBE770 /* FTPage */ = {
			isa = PBXGroup;
			children = (
				08AEE5F22ACAF3F400FBE770 /* Models */,
				08AEE5F52ACAF42400FBE770 /* FeatureViewController.swift */,
				08AEE5F92ACAF47300FBE770 /* Views */,
			);
			path = FTPage;
			sourceTree = "<group>";
		};
		08AEE5F22ACAF3F400FBE770 /* Models */ = {
			isa = PBXGroup;
			children = (
				08AEE5F02ACAF3EA00FBE770 /* FeatureViewModel.swift */,
			);
			path = Models;
			sourceTree = "<group>";
		};
		08AEE5F92ACAF47300FBE770 /* Views */ = {
			isa = PBXGroup;
			children = (
				08AEE5F72ACAF45000FBE770 /* FeatureCollectionViewCell.swift */,
			);
			path = Views;
			sourceTree = "<group>";
		};
		08AEE5FA2ACAF4A400FBE770 /* FTModalPage */ = {
			isa = PBXGroup;
			children = (
				08AEE60B2ACAF56B00FBE770 /* Views */,
				08AEE6072ACAF55000FBE770 /* FTOPViewController.swift */,
				08AEE6092ACAF56200FBE770 /* FTOPViewModel.swift */,
			);
			path = FTModalPage;
			sourceTree = "<group>";
		};
		08AEE60B2ACAF56B00FBE770 /* Views */ = {
			isa = PBXGroup;
			children = (
				08AEE5FB2ACAF4F000FBE770 /* PageTopView.swift */,
				08AEE5FD2ACAF50400FBE770 /* FTModalMiddleView.swift */,
				08AEE5FF2ACAF51400FBE770 /* QuizSettingView.swift */,
				08AEE6012ACAF52300FBE770 /* QuizCountView.swift */,
				08AEE6032ACAF53300FBE770 /* FTModalBottomView.swift */,
				08AEE6052ACAF54000FBE770 /* FTSettingTypeCell.swift */,
			);
			path = Views;
			sourceTree = "<group>";
		};
		18B97AEF2AC3C55C006C0AAA /* Extenstions */ = {
			isa = PBXGroup;
			children = (
			);
			path = Extenstions;
			sourceTree = "<group>";
		};
		18B97AF22AC3C783006C0AAA /* Enum */ = {
			isa = PBXGroup;
			children = (
				18B97AF32AC3C819006C0AAA /* QuizResultType.swift */,
				18A815B92AC3E1D3007FE489 /* QuizType.swift */,
			);
			path = Enum;
			sourceTree = "<group>";
		};
		18BF668B2AC208F500C53C07 /* View */ = {
			isa = PBXGroup;
			children = (
				18E0D22A2AC19344005DDA6F /* CircleProgressBar.swift */,
				18BF668C2AC2097400C53C07 /* DefaultButton.swift */,
			);
			path = View;
			sourceTree = "<group>";
		};
		18C3457C2ACA5AD10072995F /* AnswerPage */ = {
			isa = PBXGroup;
			children = (
				18C345822ACA6CA10072995F /* Cell */,
				18C3457D2ACA5AEF0072995F /* View */,
				18CE95B12AC6D84900CAA133 /* BottomSheetPresentationController.swift */,
				18CE95B32AC6DAF400CAA133 /* AnswerViewController.swift */,
			);
			path = AnswerPage;
			sourceTree = "<group>";
		};
		18C3457D2ACA5AEF0072995F /* View */ = {
			isa = PBXGroup;
			children = (
				18C3457E2ACA638C0072995F /* TopView.swift */,
				18C345802ACA67F90072995F /* BottomView.swift */,
			);
			path = View;
			sourceTree = "<group>";
		};
		18C345822ACA6CA10072995F /* Cell */ = {
			isa = PBXGroup;
			children = (
				18C345832ACA6CB30072995F /* AnswerTableViewCell.swift */,
			);
			path = Cell;
			sourceTree = "<group>";
		};
		18E0D1E42AC1305D005DDA6F = {
			isa = PBXGroup;
			children = (
				18E0D1EF2AC1305D005DDA6F /* oewoboka */,
				18E0D1EE2AC1305D005DDA6F /* Products */,
			);
			sourceTree = "<group>";
		};
		18E0D1EE2AC1305D005DDA6F /* Products */ = {
			isa = PBXGroup;
			children = (
				18E0D1ED2AC1305D005DDA6F /* oewoboka.app */,
			);
			name = Products;
			sourceTree = "<group>";
		};
		18E0D1EF2AC1305D005DDA6F /* oewoboka */ = {
			isa = PBXGroup;
			children = (
				18B97AF22AC3C783006C0AAA /* Enum */,
				18B97AEF2AC3C55C006C0AAA /* Extenstions */,
				18BF668B2AC208F500C53C07 /* View */,
				084C45F32AC1A9E2002999DF /* Helper */,
				18E0D20B2AC13237005DDA6F /* Resource */,
				18E0D20A2AC13232005DDA6F /* Model */,
				18E0D2072AC131B9005DDA6F /* Scenes */,
				18E0D1FB2AC13061005DDA6F /* LaunchScreen.storyboard */,
				18E0D1FE2AC13061005DDA6F /* Info.plist */,
			);
			path = oewoboka;
			sourceTree = "<group>";
		};
		18E0D2072AC131B9005DDA6F /* Scenes */ = {
			isa = PBXGroup;
			children = (
				18E0D1F42AC1305D005DDA6F /* TabBarController.swift */,
				08AEE5E82ACAF2D300FBE770 /* PresentationController.swift */,
				18C3457C2ACA5AD10072995F /* AnswerPage */,
				18E0D2262AC192EC005DDA6F /* QuizCompletePage */,
				18E0D2112AC1336A005DDA6F /* QuizPage */,
				18E0D2102AC13322005DDA6F /* AddVocabularyPage */,
				18E0D20F2AC1330A005DDA6F /* FeaturePage */,
				18E0D2092AC131E6005DDA6F /* VocaListPage */,
				18E0D2082AC131CF005DDA6F /* AddVocaPage */,
			);
			path = Scenes;
			sourceTree = "<group>";
		};
		18E0D2082AC131CF005DDA6F /* AddVocaPage */ = {
			isa = PBXGroup;
			children = (
				18E0D20E2AC13269005DDA6F /* View */,
				18E0D20C2AC13264005DDA6F /* AddVocaViewController.swift */,
			);
			path = AddVocaPage;
			sourceTree = "<group>";
		};
		18E0D2092AC131E6005DDA6F /* VocaListPage */ = {
			isa = PBXGroup;
			children = (
				18E0D2182AC133AD005DDA6F /* VocaListViewController.swift */,
				9B865E022AC2D72E00E562FA /* VocaListTableViewCell.swift */,
				9B865E042AC2E07900E562FA /* VocaViewController.swift */,
				9B865E062AC2E14400E562FA /* VocaTableViewCell.swift */,
				9B865E082AC3C2AD00E562FA /* SelectedVocaViewController.swift */,
			);
			path = VocaListPage;
			sourceTree = "<group>";
		};
		18E0D20A2AC13232005DDA6F /* Model */ = {
			isa = PBXGroup;
			children = (
				18ED60EC2ACCE3580089FC42 /* Model.xcdatamodeld */,
				18ED60EF2ACCE8190089FC42 /* VocabularyRepository.swift */,
			);
			path = Model;
			sourceTree = "<group>";
		};
		18E0D20B2AC13237005DDA6F /* Resource */ = {
			isa = PBXGroup;
			children = (
				18E0D1F02AC1305D005DDA6F /* AppDelegate.swift */,
				18E0D1F22AC1305D005DDA6F /* SceneDelegate.swift */,
				18E0D1F92AC13061005DDA6F /* Assets.xcassets */,
			);
			path = Resource;
			sourceTree = "<group>";
		};
		18E0D20E2AC13269005DDA6F /* View */ = {
			isa = PBXGroup;
			children = (
			);
			path = View;
			sourceTree = "<group>";
		};
		18E0D20F2AC1330A005DDA6F /* FeaturePage */ = {
			isa = PBXGroup;
			children = (
				08AEE5F32ACAF40A00FBE770 /* Models.swift */,
				08AEE5EA2ACAF33400FBE770 /* Protocols.swift */,
				08AEE5EE2ACAF3B300FBE770 /* VocaListSelectedPage */,
				08AEE5EF2ACAF3C500FBE770 /* FTPage */,
				08AEE5FA2ACAF4A400FBE770 /* FTModalPage */,
			);
			path = FeaturePage;
			sourceTree = "<group>";
		};
		18E0D2102AC13322005DDA6F /* AddVocabularyPage */ = {
			isa = PBXGroup;
			children = (
				18E0D21A2AC133FE005DDA6F /* AddVocabularyViewController.swift */,
			);
			path = AddVocabularyPage;
			sourceTree = "<group>";
		};
		18E0D2112AC1336A005DDA6F /* QuizPage */ = {
			isa = PBXGroup;
			children = (
				18E0D2212AC17FF9005DDA6F /* View */,
				18E0D21C2AC17E43005DDA6F /* Model */,
				18E0D2122AC13388005DDA6F /* QuizViewController.swift */,
			);
			path = QuizPage;
			sourceTree = "<group>";
		};
		18E0D21C2AC17E43005DDA6F /* Model */ = {
			isa = PBXGroup;
			children = (
				18E0D21D2AC17E94005DDA6F /* Vocabulary.swift */,
				18E0D21F2AC17ED7005DDA6F /* Word.swift */,
			);
			path = Model;
			sourceTree = "<group>";
		};
		18E0D2212AC17FF9005DDA6F /* View */ = {
			isa = PBXGroup;
			children = (
				18E0D2222AC181CB005DDA6F /* CardView.swift */,
				18E0D2242AC18B90005DDA6F /* QuizControlStackView.swift */,
			);
			path = View;
			sourceTree = "<group>";
		};
		18E0D2262AC192EC005DDA6F /* QuizCompletePage */ = {
			isa = PBXGroup;
			children = (
				18E0D2292AC1932F005DDA6F /* View */,
				18E0D2272AC1930F005DDA6F /* QuizCompleteViewController.swift */,
			);
			path = QuizCompletePage;
			sourceTree = "<group>";
		};
		18E0D2292AC1932F005DDA6F /* View */ = {
			isa = PBXGroup;
			children = (
				18CE9BE62AC2CA9900D39403 /* FeedBackStackView.swift */,
			);
			path = View;
			sourceTree = "<group>";
		};
/* End PBXGroup section */

/* Begin PBXNativeTarget section */
		18E0D1EC2AC1305D005DDA6F /* oewoboka */ = {
			isa = PBXNativeTarget;
			buildConfigurationList = 18E0D2012AC13061005DDA6F /* Build configuration list for PBXNativeTarget "oewoboka" */;
			buildPhases = (
				18E0D1E92AC1305D005DDA6F /* Sources */,
				18E0D1EA2AC1305D005DDA6F /* Frameworks */,
				18E0D1EB2AC1305D005DDA6F /* Resources */,
			);
			buildRules = (
			);
			dependencies = (
			);
			name = oewoboka;
			packageProductDependencies = (
				18E0D2052AC1319E005DDA6F /* SnapKit */,
			);
			productName = oewoboka;
			productReference = 18E0D1ED2AC1305D005DDA6F /* oewoboka.app */;
			productType = "com.apple.product-type.application";
		};
/* End PBXNativeTarget section */

/* Begin PBXProject section */
		18E0D1E52AC1305D005DDA6F /* Project object */ = {
			isa = PBXProject;
			attributes = {
				BuildIndependentTargetsInParallel = 1;
				LastSwiftUpdateCheck = 1430;
				LastUpgradeCheck = 1500;
				TargetAttributes = {
					18E0D1EC2AC1305D005DDA6F = {
						CreatedOnToolsVersion = 14.3.1;
					};
				};
			};
			buildConfigurationList = 18E0D1E82AC1305D005DDA6F /* Build configuration list for PBXProject "oewoboka" */;
			compatibilityVersion = "Xcode 14.0";
			developmentRegion = en;
			hasScannedForEncodings = 0;
			knownRegions = (
				en,
				Base,
			);
			mainGroup = 18E0D1E42AC1305D005DDA6F;
			packageReferences = (
				18E0D2042AC1319E005DDA6F /* XCRemoteSwiftPackageReference "SnapKit" */,
			);
			productRefGroup = 18E0D1EE2AC1305D005DDA6F /* Products */;
			projectDirPath = "";
			projectRoot = "";
			targets = (
				18E0D1EC2AC1305D005DDA6F /* oewoboka */,
			);
		};
/* End PBXProject section */

/* Begin PBXResourcesBuildPhase section */
		18E0D1EB2AC1305D005DDA6F /* Resources */ = {
			isa = PBXResourcesBuildPhase;
			buildActionMask = 2147483647;
			files = (
				18E0D1FD2AC13061005DDA6F /* LaunchScreen.storyboard in Resources */,
				18E0D1FA2AC13061005DDA6F /* Assets.xcassets in Resources */,
			);
			runOnlyForDeploymentPostprocessing = 0;
		};
/* End PBXResourcesBuildPhase section */

/* Begin PBXSourcesBuildPhase section */
		18E0D1E92AC1305D005DDA6F /* Sources */ = {
			isa = PBXSourcesBuildPhase;
			buildActionMask = 2147483647;
			files = (
				18C3457F2ACA638C0072995F /* TopView.swift in Sources */,
				18E0D2282AC1930F005DDA6F /* QuizCompleteViewController.swift in Sources */,
				18B97AF42AC3C819006C0AAA /* QuizResultType.swift in Sources */,
				18ED60F02ACCE8190089FC42 /* VocabularyRepository.swift in Sources */,
				9B865E032AC2D72E00E562FA /* VocaListTableViewCell.swift in Sources */,
				9B865E092AC3C2AD00E562FA /* SelectedVocaViewController.swift in Sources */,
				18E0D20D2AC13264005DDA6F /* AddVocaViewController.swift in Sources */,
				18E0D2192AC133AD005DDA6F /* VocaListViewController.swift in Sources */,
				18C345812ACA67F90072995F /* BottomView.swift in Sources */,
				18C345862ACA8CFC0072995F /* BottomSheetViewController.swift in Sources */,
				18CE95B22AC6D84900CAA133 /* BottomSheetPresentationController.swift in Sources */,
				08AEE5F12ACAF3EA00FBE770 /* FeatureViewModel.swift in Sources */,
				18BF668A2AC208B300C53C07 /* Typography.swift in Sources */,
				18E0D2132AC13388005DDA6F /* QuizViewController.swift in Sources */,
				18E0D22B2AC19344005DDA6F /* CircleProgressBar.swift in Sources */,
				08AEE5F42ACAF40A00FBE770 /* Models.swift in Sources */,
				18E0D21E2AC17E94005DDA6F /* Vocabulary.swift in Sources */,
				18E0D21B2AC133FE005DDA6F /* AddVocabularyViewController.swift in Sources */,
				08AEE5FC2ACAF4F000FBE770 /* PageTopView.swift in Sources */,
				08AEE5F82ACAF45000FBE770 /* FeatureCollectionViewCell.swift in Sources */,
				18E0D1F52AC1305D005DDA6F /* TabBarController.swift in Sources */,
				9B865E072AC2E14400E562FA /* VocaTableViewCell.swift in Sources */,
				08AEE5E92ACAF2D300FBE770 /* PresentationController.swift in Sources */,
				08AEE6062ACAF54000FBE770 /* FTSettingTypeCell.swift in Sources */,
				08AEE6002ACAF51400FBE770 /* QuizSettingView.swift in Sources */,
				9B865E052AC2E07900E562FA /* VocaViewController.swift in Sources */,
				18E0D2202AC17ED7005DDA6F /* Word.swift in Sources */,
				08AEE5F62ACAF42400FBE770 /* FeatureViewController.swift in Sources */,
				18E0D2252AC18B90005DDA6F /* QuizControlStackView.swift in Sources */,
				08AEE6042ACAF53300FBE770 /* FTModalBottomView.swift in Sources */,
				08AEE6022ACAF52300FBE770 /* QuizCountView.swift in Sources */,
				08AEE6082ACAF55000FBE770 /* FTOPViewController.swift in Sources */,
				081E2DF62ACCE8A900A07764 /* Observable.swift in Sources */,
				18CE95B42AC6DAF400CAA133 /* AnswerViewController.swift in Sources */,
				18ED60EE2ACCE3580089FC42 /* Model.xcdatamodeld in Sources */,
				18A815BA2AC3E1D3007FE489 /* QuizType.swift in Sources */,
				18E0D1F12AC1305D005DDA6F /* AppDelegate.swift in Sources */,
				18E0D2232AC181CB005DDA6F /* CardView.swift in Sources */,
				08AEE60A2ACAF56200FBE770 /* FTOPViewModel.swift in Sources */,
				18C345842ACA6CB30072995F /* AnswerTableViewCell.swift in Sources */,
				08AEE5ED2ACAF36B00FBE770 /* VocaListSelectedController.swift in Sources */,
				18E0D1F32AC1305D005DDA6F /* SceneDelegate.swift in Sources */,
				18CE9BE72AC2CA9900D39403 /* FeedBackStackView.swift in Sources */,
				08AEE5EB2ACAF33400FBE770 /* Protocols.swift in Sources */,
				08AEE5FE2ACAF50400FBE770 /* FTModalMiddleView.swift in Sources */,
				084C45F52AC1A9FA002999DF /* Constant.swift in Sources */,
				18BF668D2AC2097400C53C07 /* DefaultButton.swift in Sources */,
			);
			runOnlyForDeploymentPostprocessing = 0;
		};
/* End PBXSourcesBuildPhase section */

/* Begin PBXVariantGroup section */
		18E0D1FB2AC13061005DDA6F /* LaunchScreen.storyboard */ = {
			isa = PBXVariantGroup;
			children = (
				18E0D1FC2AC13061005DDA6F /* Base */,
			);
			name = LaunchScreen.storyboard;
			sourceTree = "<group>";
		};
/* End PBXVariantGroup section */

/* Begin XCBuildConfiguration section */
		18E0D1FF2AC13061005DDA6F /* Debug */ = {
			isa = XCBuildConfiguration;
			buildSettings = {
				ALWAYS_SEARCH_USER_PATHS = NO;
				CLANG_ANALYZER_NONNULL = YES;
				CLANG_ANALYZER_NUMBER_OBJECT_CONVERSION = YES_AGGRESSIVE;
				CLANG_CXX_LANGUAGE_STANDARD = "gnu++20";
				CLANG_ENABLE_MODULES = YES;
				CLANG_ENABLE_OBJC_ARC = YES;
				CLANG_ENABLE_OBJC_WEAK = YES;
				CLANG_WARN_BLOCK_CAPTURE_AUTORELEASING = YES;
				CLANG_WARN_BOOL_CONVERSION = YES;
				CLANG_WARN_COMMA = YES;
				CLANG_WARN_CONSTANT_CONVERSION = YES;
				CLANG_WARN_DEPRECATED_OBJC_IMPLEMENTATIONS = YES;
				CLANG_WARN_DIRECT_OBJC_ISA_USAGE = YES_ERROR;
				CLANG_WARN_DOCUMENTATION_COMMENTS = YES;
				CLANG_WARN_EMPTY_BODY = YES;
				CLANG_WARN_ENUM_CONVERSION = YES;
				CLANG_WARN_INFINITE_RECURSION = YES;
				CLANG_WARN_INT_CONVERSION = YES;
				CLANG_WARN_NON_LITERAL_NULL_CONVERSION = YES;
				CLANG_WARN_OBJC_IMPLICIT_RETAIN_SELF = YES;
				CLANG_WARN_OBJC_LITERAL_CONVERSION = YES;
				CLANG_WARN_OBJC_ROOT_CLASS = YES_ERROR;
				CLANG_WARN_QUOTED_INCLUDE_IN_FRAMEWORK_HEADER = YES;
				CLANG_WARN_RANGE_LOOP_ANALYSIS = YES;
				CLANG_WARN_STRICT_PROTOTYPES = YES;
				CLANG_WARN_SUSPICIOUS_MOVE = YES;
				CLANG_WARN_UNGUARDED_AVAILABILITY = YES_AGGRESSIVE;
				CLANG_WARN_UNREACHABLE_CODE = YES;
				CLANG_WARN__DUPLICATE_METHOD_MATCH = YES;
				COPY_PHASE_STRIP = NO;
				DEBUG_INFORMATION_FORMAT = dwarf;
				ENABLE_STRICT_OBJC_MSGSEND = YES;
				ENABLE_TESTABILITY = YES;
				ENABLE_USER_SCRIPT_SANDBOXING = YES;
				GCC_C_LANGUAGE_STANDARD = gnu11;
				GCC_DYNAMIC_NO_PIC = NO;
				GCC_NO_COMMON_BLOCKS = YES;
				GCC_OPTIMIZATION_LEVEL = 0;
				GCC_PREPROCESSOR_DEFINITIONS = (
					"DEBUG=1",
					"$(inherited)",
				);
				GCC_WARN_64_TO_32_BIT_CONVERSION = YES;
				GCC_WARN_ABOUT_RETURN_TYPE = YES_ERROR;
				GCC_WARN_UNDECLARED_SELECTOR = YES;
				GCC_WARN_UNINITIALIZED_AUTOS = YES_AGGRESSIVE;
				GCC_WARN_UNUSED_FUNCTION = YES;
				GCC_WARN_UNUSED_VARIABLE = YES;
				IPHONEOS_DEPLOYMENT_TARGET = 14.0;
				MTL_ENABLE_DEBUG_INFO = INCLUDE_SOURCE;
				MTL_FAST_MATH = YES;
				ONLY_ACTIVE_ARCH = YES;
				SDKROOT = iphoneos;
				SWIFT_ACTIVE_COMPILATION_CONDITIONS = DEBUG;
				SWIFT_OPTIMIZATION_LEVEL = "-Onone";
			};
			name = Debug;
		};
		18E0D2002AC13061005DDA6F /* Release */ = {
			isa = XCBuildConfiguration;
			buildSettings = {
				ALWAYS_SEARCH_USER_PATHS = NO;
				CLANG_ANALYZER_NONNULL = YES;
				CLANG_ANALYZER_NUMBER_OBJECT_CONVERSION = YES_AGGRESSIVE;
				CLANG_CXX_LANGUAGE_STANDARD = "gnu++20";
				CLANG_ENABLE_MODULES = YES;
				CLANG_ENABLE_OBJC_ARC = YES;
				CLANG_ENABLE_OBJC_WEAK = YES;
				CLANG_WARN_BLOCK_CAPTURE_AUTORELEASING = YES;
				CLANG_WARN_BOOL_CONVERSION = YES;
				CLANG_WARN_COMMA = YES;
				CLANG_WARN_CONSTANT_CONVERSION = YES;
				CLANG_WARN_DEPRECATED_OBJC_IMPLEMENTATIONS = YES;
				CLANG_WARN_DIRECT_OBJC_ISA_USAGE = YES_ERROR;
				CLANG_WARN_DOCUMENTATION_COMMENTS = YES;
				CLANG_WARN_EMPTY_BODY = YES;
				CLANG_WARN_ENUM_CONVERSION = YES;
				CLANG_WARN_INFINITE_RECURSION = YES;
				CLANG_WARN_INT_CONVERSION = YES;
				CLANG_WARN_NON_LITERAL_NULL_CONVERSION = YES;
				CLANG_WARN_OBJC_IMPLICIT_RETAIN_SELF = YES;
				CLANG_WARN_OBJC_LITERAL_CONVERSION = YES;
				CLANG_WARN_OBJC_ROOT_CLASS = YES_ERROR;
				CLANG_WARN_QUOTED_INCLUDE_IN_FRAMEWORK_HEADER = YES;
				CLANG_WARN_RANGE_LOOP_ANALYSIS = YES;
				CLANG_WARN_STRICT_PROTOTYPES = YES;
				CLANG_WARN_SUSPICIOUS_MOVE = YES;
				CLANG_WARN_UNGUARDED_AVAILABILITY = YES_AGGRESSIVE;
				CLANG_WARN_UNREACHABLE_CODE = YES;
				CLANG_WARN__DUPLICATE_METHOD_MATCH = YES;
				COPY_PHASE_STRIP = NO;
				DEBUG_INFORMATION_FORMAT = "dwarf-with-dsym";
				ENABLE_NS_ASSERTIONS = NO;
				ENABLE_STRICT_OBJC_MSGSEND = YES;
				ENABLE_USER_SCRIPT_SANDBOXING = YES;
				GCC_C_LANGUAGE_STANDARD = gnu11;
				GCC_NO_COMMON_BLOCKS = YES;
				GCC_WARN_64_TO_32_BIT_CONVERSION = YES;
				GCC_WARN_ABOUT_RETURN_TYPE = YES_ERROR;
				GCC_WARN_UNDECLARED_SELECTOR = YES;
				GCC_WARN_UNINITIALIZED_AUTOS = YES_AGGRESSIVE;
				GCC_WARN_UNUSED_FUNCTION = YES;
				GCC_WARN_UNUSED_VARIABLE = YES;
				IPHONEOS_DEPLOYMENT_TARGET = 14.0;
				MTL_ENABLE_DEBUG_INFO = NO;
				MTL_FAST_MATH = YES;
				SDKROOT = iphoneos;
				SWIFT_COMPILATION_MODE = wholemodule;
				SWIFT_OPTIMIZATION_LEVEL = "-O";
				VALIDATE_PRODUCT = YES;
			};
			name = Release;
		};
		18E0D2022AC13061005DDA6F /* Debug */ = {
			isa = XCBuildConfiguration;
			buildSettings = {
				ASSETCATALOG_COMPILER_APPICON_NAME = AppIcon;
				ASSETCATALOG_COMPILER_GLOBAL_ACCENT_COLOR_NAME = AccentColor;
				CODE_SIGN_STYLE = Automatic;
				CURRENT_PROJECT_VERSION = 1;
				DEVELOPMENT_TEAM = 2FY7M8J988;
				GENERATE_INFOPLIST_FILE = YES;
				INFOPLIST_FILE = oewoboka/Info.plist;
				INFOPLIST_KEY_UIApplicationSupportsIndirectInputEvents = YES;
				INFOPLIST_KEY_UILaunchStoryboardName = LaunchScreen;
				INFOPLIST_KEY_UISupportedInterfaceOrientations_iPad = "UIInterfaceOrientationPortrait UIInterfaceOrientationPortraitUpsideDown UIInterfaceOrientationLandscapeLeft UIInterfaceOrientationLandscapeRight";
				INFOPLIST_KEY_UISupportedInterfaceOrientations_iPhone = "UIInterfaceOrientationPortrait UIInterfaceOrientationLandscapeLeft UIInterfaceOrientationLandscapeRight";
				IPHONEOS_DEPLOYMENT_TARGET = 14.0;
				LD_RUNPATH_SEARCH_PATHS = (
					"$(inherited)",
					"@executable_path/Frameworks",
				);
				MARKETING_VERSION = 1.0;
				PRODUCT_BUNDLE_IDENTIFIER = KD.oewoboka;
				PRODUCT_NAME = "$(TARGET_NAME)";
				SWIFT_EMIT_LOC_STRINGS = YES;
				SWIFT_VERSION = 5.0;
				TARGETED_DEVICE_FAMILY = "1,2";
			};
			name = Debug;
		};
		18E0D2032AC13061005DDA6F /* Release */ = {
			isa = XCBuildConfiguration;
			buildSettings = {
				ASSETCATALOG_COMPILER_APPICON_NAME = AppIcon;
				ASSETCATALOG_COMPILER_GLOBAL_ACCENT_COLOR_NAME = AccentColor;
				CODE_SIGN_IDENTITY = "Apple Development";
				CODE_SIGN_STYLE = Automatic;
				CURRENT_PROJECT_VERSION = 1;
				DEVELOPMENT_TEAM = 2FY7M8J988;
				GENERATE_INFOPLIST_FILE = YES;
				INFOPLIST_FILE = oewoboka/Info.plist;
				INFOPLIST_KEY_UIApplicationSupportsIndirectInputEvents = YES;
				INFOPLIST_KEY_UILaunchStoryboardName = LaunchScreen;
				INFOPLIST_KEY_UISupportedInterfaceOrientations_iPad = "UIInterfaceOrientationPortrait UIInterfaceOrientationPortraitUpsideDown UIInterfaceOrientationLandscapeLeft UIInterfaceOrientationLandscapeRight";
				INFOPLIST_KEY_UISupportedInterfaceOrientations_iPhone = "UIInterfaceOrientationPortrait UIInterfaceOrientationLandscapeLeft UIInterfaceOrientationLandscapeRight";
				IPHONEOS_DEPLOYMENT_TARGET = 14.0;
				LD_RUNPATH_SEARCH_PATHS = (
					"$(inherited)",
					"@executable_path/Frameworks",
				);
				MARKETING_VERSION = 1.0;
				PRODUCT_BUNDLE_IDENTIFIER = KD.oewoboka;
				PRODUCT_NAME = "$(TARGET_NAME)";
				PROVISIONING_PROFILE_SPECIFIER = "";
				SWIFT_EMIT_LOC_STRINGS = YES;
				SWIFT_VERSION = 5.0;
				TARGETED_DEVICE_FAMILY = "1,2";
			};
			name = Release;
		};
/* End XCBuildConfiguration section */

/* Begin XCConfigurationList section */
		18E0D1E82AC1305D005DDA6F /* Build configuration list for PBXProject "oewoboka" */ = {
			isa = XCConfigurationList;
			buildConfigurations = (
				18E0D1FF2AC13061005DDA6F /* Debug */,
				18E0D2002AC13061005DDA6F /* Release */,
			);
			defaultConfigurationIsVisible = 0;
			defaultConfigurationName = Release;
		};
		18E0D2012AC13061005DDA6F /* Build configuration list for PBXNativeTarget "oewoboka" */ = {
			isa = XCConfigurationList;
			buildConfigurations = (
				18E0D2022AC13061005DDA6F /* Debug */,
				18E0D2032AC13061005DDA6F /* Release */,
			);
			defaultConfigurationIsVisible = 0;
			defaultConfigurationName = Release;
		};
/* End XCConfigurationList section */

/* Begin XCRemoteSwiftPackageReference section */
		18E0D2042AC1319E005DDA6F /* XCRemoteSwiftPackageReference "SnapKit" */ = {
			isa = XCRemoteSwiftPackageReference;
			repositoryURL = "https://github.com/SnapKit/SnapKit.git";
			requirement = {
				kind = upToNextMajorVersion;
				minimumVersion = 5.0.0;
			};
		};
/* End XCRemoteSwiftPackageReference section */

/* Begin XCSwiftPackageProductDependency section */
		18E0D2052AC1319E005DDA6F /* SnapKit */ = {
			isa = XCSwiftPackageProductDependency;
			package = 18E0D2042AC1319E005DDA6F /* XCRemoteSwiftPackageReference "SnapKit" */;
			productName = SnapKit;
		};
/* End XCSwiftPackageProductDependency section */

/* Begin XCVersionGroup section */
		18ED60EC2ACCE3580089FC42 /* Model.xcdatamodeld */ = {
			isa = XCVersionGroup;
			children = (
				18ED60ED2ACCE3580089FC42 /* Model.xcdatamodel */,
			);
			currentVersion = 18ED60ED2ACCE3580089FC42 /* Model.xcdatamodel */;
			path = Model.xcdatamodeld;
			sourceTree = "<group>";
			versionGroupType = wrapper.xcdatamodel;
		};
/* End XCVersionGroup section */
	};
	rootObject = 18E0D1E52AC1305D005DDA6F /* Project object */;
}
